{
  "name": "import-ant",
  "version": "1.0.0",
  "lockfileVersion": 1,
  "requires": true,
  "dependencies": {
    "@babel/code-frame": {
      "version": "7.10.1",
      "resolved": "https://pkgs.dev.azure.com/diemobiliar/RWC/_packaging/npm-main/npm/registry/@babel/code-frame/-/code-frame-7.10.1.tgz",
      "integrity": "sha1-1UgcUJXaocV+FuVMb5GYRDr7Sf8=",
      "dev": true,
      "requires": {
        "@babel/highlight": "^7.10.1"
      }
    },
    "@babel/helper-validator-identifier": {
      "version": "7.10.1",
      "resolved": "https://pkgs.dev.azure.com/diemobiliar/RWC/_packaging/npm-main/npm/registry/@babel/helper-validator-identifier/-/helper-validator-identifier-7.10.1.tgz",
      "integrity": "sha1-V3CwwagmxPU/Xt5eFTFj4DGOlLU=",
      "dev": true
    },
    "@babel/highlight": {
      "version": "7.10.1",
      "resolved": "https://pkgs.dev.azure.com/diemobiliar/RWC/_packaging/npm-main/npm/registry/@babel/highlight/-/highlight-7.10.1.tgz",
      "integrity": "sha1-hB0Ji6YTuhpCeis4PXnjVVLDiuA=",
      "dev": true,
      "requires": {
        "@babel/helper-validator-identifier": "^7.10.1",
        "chalk": "^2.0.0",
        "js-tokens": "^4.0.0"
      }
    },
    "@kwsites/file-exists": {
      "version": "1.1.1",
      "resolved": "https://registry.npmjs.org/@kwsites/file-exists/-/file-exists-1.1.1.tgz",
      "integrity": "sha512-m9/5YGR18lIwxSFDwfE3oA7bWuq9kdau6ugN4H2rJeyhFQZcG9AgSHkQtSD15a8WvTgfz9aikZMrKPHvbpqFiw==",
      "requires": {
        "debug": "^4.1.1"
      }
    },
    "@types/color-name": {
      "version": "1.1.1",
      "resolved": "https://pkgs.dev.azure.com/diemobiliar/RWC/_packaging/npm-main/npm/registry/@types/color-name/-/color-name-1.1.1.tgz",
      "integrity": "sha1-HBJhu+qhCoBVu8XYq4S3sq/IRqA=",
      "dev": true
    },
    "@types/minimatch": {
      "version": "3.0.3",
      "resolved": "https://pkgs.dev.azure.com/diemobiliar/RWC/_packaging/npm-main/npm/registry/@types/minimatch/-/minimatch-3.0.3.tgz",
      "integrity": "sha1-PcoOPzOyAPx9ETnAzZbBJoyt/Z0=",
      "dev": true
    },
    "@types/node": {
      "version": "14.0.12",
      "resolved": "https://pkgs.dev.azure.com/diemobiliar/RWC/_packaging/npm-main/npm/registry/@types/node/-/node-14.0.12.tgz",
      "integrity": "sha1-nB2P+4CE6JNmA6YSKnZJ5A5o4Es=",
      "dev": true
    },
    "@types/parse-json": {
      "version": "4.0.0",
      "resolved": "https://pkgs.dev.azure.com/diemobiliar/RWC/_packaging/npm-main/npm/registry/@types/parse-json/-/parse-json-4.0.0.tgz",
      "integrity": "sha1-L4u0QUNNFjs1+4/9zNcTiSf/uMA=",
      "dev": true
    },
    "ansi-styles": {
      "version": "3.2.1",
      "resolved": "https://pkgs.dev.azure.com/diemobiliar/RWC/_packaging/npm-main/npm/registry/ansi-styles/-/ansi-styles-3.2.1.tgz",
      "integrity": "sha1-QfuyAkPlCxK+DwS43tvwdSDOhB0=",
      "requires": {
        "color-convert": "^1.9.0"
      }
    },
    "arg": {
      "version": "4.1.3",
      "resolved": "https://pkgs.dev.azure.com/diemobiliar/RWC/_packaging/npm-main/npm/registry/arg/-/arg-4.1.3.tgz",
      "integrity": "sha1-Jp/HrVuOQstjyJbVZmAXJhwUQIk=",
      "dev": true
    },
    "array-differ": {
      "version": "3.0.0",
      "resolved": "https://pkgs.dev.azure.com/diemobiliar/RWC/_packaging/npm-main/npm/registry/array-differ/-/array-differ-3.0.0.tgz",
      "integrity": "sha1-PLs9DzFoEOr8xHYkc0I31q7krms=",
      "dev": true
    },
    "array-union": {
      "version": "2.1.0",
      "resolved": "https://pkgs.dev.azure.com/diemobiliar/RWC/_packaging/npm-main/npm/registry/array-union/-/array-union-2.1.0.tgz",
      "integrity": "sha1-t5hCCtvrHego2ErNii4j0+/oXo0=",
      "dev": true
    },
    "arrify": {
      "version": "2.0.1",
      "resolved": "https://pkgs.dev.azure.com/diemobiliar/RWC/_packaging/npm-main/npm/registry/arrify/-/arrify-2.0.1.tgz",
      "integrity": "sha1-yWVekzHgq81YjSp8rX6ZVvZnAfo=",
      "dev": true
    },
    "balanced-match": {
      "version": "1.0.0",
      "resolved": "https://pkgs.dev.azure.com/diemobiliar/RWC/_packaging/npm-main/npm/registry/balanced-match/-/balanced-match-1.0.0.tgz",
      "integrity": "sha1-ibTRmasr7kneFk6gK4nORi1xt2c=",
      "dev": true
    },
    "brace-expansion": {
      "version": "1.1.11",
      "resolved": "https://pkgs.dev.azure.com/diemobiliar/RWC/_packaging/npm-main/npm/registry/brace-expansion/-/brace-expansion-1.1.11.tgz",
      "integrity": "sha1-PH/L9SnYcibz0vUrlm/1Jx60Qd0=",
      "dev": true,
      "requires": {
        "balanced-match": "^1.0.0",
        "concat-map": "0.0.1"
      }
    },
    "buffer-from": {
      "version": "1.1.1",
      "resolved": "https://pkgs.dev.azure.com/diemobiliar/RWC/_packaging/npm-main/npm/registry/buffer-from/-/buffer-from-1.1.1.tgz",
      "integrity": "sha1-MnE7wCj3XAL9txDXx7zsHyxgcO8=",
      "dev": true
    },
    "callsites": {
      "version": "3.1.0",
      "resolved": "https://pkgs.dev.azure.com/diemobiliar/RWC/_packaging/npm-main/npm/registry/callsites/-/callsites-3.1.0.tgz",
      "integrity": "sha1-s2MKvYlDQy9Us/BRkjjjPNffL3M=",
      "dev": true
    },
    "chalk": {
      "version": "2.4.2",
      "resolved": "https://pkgs.dev.azure.com/diemobiliar/RWC/_packaging/npm-main/npm/registry/chalk/-/chalk-2.4.2.tgz",
      "integrity": "sha1-zUJUFnelQzPPVBpJEIwUMrRMlCQ=",
      "requires": {
        "ansi-styles": "^3.2.1",
        "escape-string-regexp": "^1.0.5",
        "supports-color": "^5.3.0"
      }
    },
    "changed-git-files": {
      "version": "0.0.1",
      "resolved": "https://pkgs.dev.azure.com/diemobiliar/RWC/_packaging/npm-main/npm/registry/changed-git-files/-/changed-git-files-0.0.1.tgz",
      "integrity": "sha1-ewul+w288QTdKITqZbG/JPA0vkQ="
    },
    "ci-info": {
      "version": "2.0.0",
      "resolved": "https://pkgs.dev.azure.com/diemobiliar/RWC/_packaging/npm-main/npm/registry/ci-info/-/ci-info-2.0.0.tgz",
      "integrity": "sha1-Z6npZL4xpR4V5QENWObxKDQAL0Y=",
      "dev": true
    },
    "color-convert": {
      "version": "1.9.3",
      "resolved": "https://pkgs.dev.azure.com/diemobiliar/RWC/_packaging/npm-main/npm/registry/color-convert/-/color-convert-1.9.3.tgz",
      "integrity": "sha1-u3GFBpDh8TZWfeYp0tVHHe2kweg=",
      "requires": {
        "color-name": "1.1.3"
      }
    },
    "color-name": {
      "version": "1.1.3",
      "resolved": "https://pkgs.dev.azure.com/diemobiliar/RWC/_packaging/npm-main/npm/registry/color-name/-/color-name-1.1.3.tgz",
      "integrity": "sha1-p9BVi9icQveV3UIyj3QIMcpTvCU="
    },
    "commander": {
      "version": "5.1.0",
      "resolved": "https://pkgs.dev.azure.com/diemobiliar/RWC/_packaging/npm-main/npm/registry/commander/-/commander-5.1.0.tgz",
      "integrity": "sha1-Rqu9FlL44Fm92u+Zu9yyrZzxea4="
    },
    "compare-versions": {
      "version": "3.6.0",
      "resolved": "https://pkgs.dev.azure.com/diemobiliar/RWC/_packaging/npm-main/npm/registry/compare-versions/-/compare-versions-3.6.0.tgz",
      "integrity": "sha1-GlaJkTaF5ah2N7jT/8p1UU7EHWI=",
      "dev": true
    },
    "concat-map": {
      "version": "0.0.1",
      "resolved": "https://pkgs.dev.azure.com/diemobiliar/RWC/_packaging/npm-main/npm/registry/concat-map/-/concat-map-0.0.1.tgz",
      "integrity": "sha1-2Klr13/Wjfd5OnMDajug1UBdR3s=",
      "dev": true
    },
    "cosmiconfig": {
      "version": "6.0.0",
      "resolved": "https://pkgs.dev.azure.com/diemobiliar/RWC/_packaging/npm-main/npm/registry/cosmiconfig/-/cosmiconfig-6.0.0.tgz",
      "integrity": "sha1-2k/uhTxS9rHmk19BwaL8UL1KmYI=",
      "dev": true,
      "requires": {
        "@types/parse-json": "^4.0.0",
        "import-fresh": "^3.1.0",
        "parse-json": "^5.0.0",
        "path-type": "^4.0.0",
        "yaml": "^1.7.2"
      }
    },
    "cross-spawn": {
      "version": "7.0.3",
      "resolved": "https://pkgs.dev.azure.com/diemobiliar/RWC/_packaging/npm-main/npm/registry/cross-spawn/-/cross-spawn-7.0.3.tgz",
      "integrity": "sha1-9zqFudXUHQRVUcF34ogtSshXKKY=",
      "dev": true,
      "requires": {
        "path-key": "^3.1.0",
        "shebang-command": "^2.0.0",
        "which": "^2.0.1"
      }
    },
    "debug": {
      "version": "4.1.1",
      "resolved": "https://registry.npmjs.org/debug/-/debug-4.1.1.tgz",
      "integrity": "sha512-pYAIzeRo8J6KPEaJ0VWOh5Pzkbw/RetuzehGM7QRRX5he4fPHx2rdKMB256ehJCkX+XRQm16eZLqLNS8RSZXZw==",
      "requires": {
        "ms": "^2.1.1"
      }
    },
    "diff": {
      "version": "4.0.2",
      "resolved": "https://pkgs.dev.azure.com/diemobiliar/RWC/_packaging/npm-main/npm/registry/diff/-/diff-4.0.2.tgz",
      "integrity": "sha1-YPOuy4nV+uUgwRqhnvwruYKq3n0=",
      "dev": true
    },
    "end-of-stream": {
      "version": "1.4.4",
      "resolved": "https://pkgs.dev.azure.com/diemobiliar/RWC/_packaging/npm-main/npm/registry/end-of-stream/-/end-of-stream-1.4.4.tgz",
      "integrity": "sha1-WuZKX0UFe682JuwU2gyl5LJDHrA=",
      "dev": true,
      "requires": {
        "once": "^1.4.0"
      }
    },
    "error-ex": {
      "version": "1.3.2",
      "resolved": "https://pkgs.dev.azure.com/diemobiliar/RWC/_packaging/npm-main/npm/registry/error-ex/-/error-ex-1.3.2.tgz",
      "integrity": "sha1-tKxAZIEH/c3PriQvQovqihTU8b8=",
      "dev": true,
      "requires": {
        "is-arrayish": "^0.2.1"
      }
    },
    "escape-string-regexp": {
      "version": "1.0.5",
      "resolved": "https://pkgs.dev.azure.com/diemobiliar/RWC/_packaging/npm-main/npm/registry/escape-string-regexp/-/escape-string-regexp-1.0.5.tgz",
      "integrity": "sha1-G2HAViGQqN/2rjuyzwIAyhMLhtQ="
    },
    "execa": {
      "version": "2.1.0",
      "resolved": "https://pkgs.dev.azure.com/diemobiliar/RWC/_packaging/npm-main/npm/registry/execa/-/execa-2.1.0.tgz",
      "integrity": "sha1-5dPs2DfSpg7FDz2nj9OXZ3R7vpk=",
      "dev": true,
      "requires": {
        "cross-spawn": "^7.0.0",
        "get-stream": "^5.0.0",
        "is-stream": "^2.0.0",
        "merge-stream": "^2.0.0",
        "npm-run-path": "^3.0.0",
        "onetime": "^5.1.0",
        "p-finally": "^2.0.0",
        "signal-exit": "^3.0.2",
        "strip-final-newline": "^2.0.0"
      }
    },
    "find-up": {
      "version": "4.1.0",
      "resolved": "https://pkgs.dev.azure.com/diemobiliar/RWC/_packaging/npm-main/npm/registry/find-up/-/find-up-4.1.0.tgz",
      "integrity": "sha1-l6/n1s3AvFkoWEt8jXsW6KmqXRk=",
      "dev": true,
      "requires": {
        "locate-path": "^5.0.0",
        "path-exists": "^4.0.0"
      }
    },
    "find-versions": {
      "version": "3.2.0",
      "resolved": "https://pkgs.dev.azure.com/diemobiliar/RWC/_packaging/npm-main/npm/registry/find-versions/-/find-versions-3.2.0.tgz",
      "integrity": "sha1-ECl/mAMKeGgpaBaQVF72We0dJU4=",
      "dev": true,
      "requires": {
        "semver-regex": "^2.0.0"
      }
    },
    "get-stream": {
      "version": "5.1.0",
      "resolved": "https://pkgs.dev.azure.com/diemobiliar/RWC/_packaging/npm-main/npm/registry/get-stream/-/get-stream-5.1.0.tgz",
      "integrity": "sha1-ASA83JJZf5uQkGfD5lbMH008Tck=",
      "dev": true,
      "requires": {
        "pump": "^3.0.0"
      }
    },
    "git-changed-files": {
      "version": "1.0.0",
      "resolved": "https://pkgs.dev.azure.com/diemobiliar/RWC/_packaging/npm-main/npm/registry/git-changed-files/-/git-changed-files-1.0.0.tgz",
      "integrity": "sha1-15IY+5TcRT29JJL5Why3giUc8i0=",
      "requires": {
        "chalk": "^2.4.2",
        "matcher": "^1.1.1"
      }
    },
    "has-flag": {
      "version": "3.0.0",
      "resolved": "https://pkgs.dev.azure.com/diemobiliar/RWC/_packaging/npm-main/npm/registry/has-flag/-/has-flag-3.0.0.tgz",
      "integrity": "sha1-tdRU3CGZriJWmfNGfloH87lVuv0="
    },
    "husky": {
      "version": "4.2.5",
      "resolved": "https://pkgs.dev.azure.com/diemobiliar/RWC/_packaging/npm-main/npm/registry/husky/-/husky-4.2.5.tgz",
      "integrity": "sha1-K092Imc6cVefkB2Yhe1Eg5S1+jY=",
      "dev": true,
      "requires": {
        "chalk": "^4.0.0",
        "ci-info": "^2.0.0",
        "compare-versions": "^3.6.0",
        "cosmiconfig": "^6.0.0",
        "find-versions": "^3.2.0",
        "opencollective-postinstall": "^2.0.2",
        "pkg-dir": "^4.2.0",
        "please-upgrade-node": "^3.2.0",
        "slash": "^3.0.0",
        "which-pm-runs": "^1.0.0"
      },
      "dependencies": {
        "ansi-styles": {
          "version": "4.2.1",
          "resolved": "https://pkgs.dev.azure.com/diemobiliar/RWC/_packaging/npm-main/npm/registry/ansi-styles/-/ansi-styles-4.2.1.tgz",
          "integrity": "sha1-kK51xCTQCNJiTFvynq0xd+v881k=",
          "dev": true,
          "requires": {
            "@types/color-name": "^1.1.1",
            "color-convert": "^2.0.1"
          }
        },
        "chalk": {
          "version": "4.1.0",
          "resolved": "https://pkgs.dev.azure.com/diemobiliar/RWC/_packaging/npm-main/npm/registry/chalk/-/chalk-4.1.0.tgz",
          "integrity": "sha1-ThSHCmGNni7dl92DRf2dncMVZGo=",
          "dev": true,
          "requires": {
            "ansi-styles": "^4.1.0",
            "supports-color": "^7.1.0"
          }
        },
        "color-convert": {
          "version": "2.0.1",
          "resolved": "https://pkgs.dev.azure.com/diemobiliar/RWC/_packaging/npm-main/npm/registry/color-convert/-/color-convert-2.0.1.tgz",
          "integrity": "sha1-ctOmjVmMm9s68q0ehPIdiWq9TeM=",
          "dev": true,
          "requires": {
            "color-name": "~1.1.4"
          }
        },
        "color-name": {
          "version": "1.1.4",
          "resolved": "https://pkgs.dev.azure.com/diemobiliar/RWC/_packaging/npm-main/npm/registry/color-name/-/color-name-1.1.4.tgz",
          "integrity": "sha1-wqCah6y95pVD3m9j+jmVyCbFNqI=",
          "dev": true
        },
        "has-flag": {
          "version": "4.0.0",
          "resolved": "https://pkgs.dev.azure.com/diemobiliar/RWC/_packaging/npm-main/npm/registry/has-flag/-/has-flag-4.0.0.tgz",
          "integrity": "sha1-lEdx/ZyByBJlxNaUGGDaBrtZR5s=",
          "dev": true
        },
        "supports-color": {
          "version": "7.1.0",
          "resolved": "https://pkgs.dev.azure.com/diemobiliar/RWC/_packaging/npm-main/npm/registry/supports-color/-/supports-color-7.1.0.tgz",
          "integrity": "sha1-aOMlkd9z4lrRxLSRCKLsUHliv9E=",
          "dev": true,
          "requires": {
            "has-flag": "^4.0.0"
          }
        }
      }
    },
    "ignore": {
      "version": "5.1.8",
      "resolved": "https://pkgs.dev.azure.com/diemobiliar/RWC/_packaging/npm-main/npm/registry/ignore/-/ignore-5.1.8.tgz",
      "integrity": "sha1-8VCotQo0KJsz4i9YiavU2AFvDlc=",
      "dev": true
    },
    "import-fresh": {
      "version": "3.2.1",
      "resolved": "https://pkgs.dev.azure.com/diemobiliar/RWC/_packaging/npm-main/npm/registry/import-fresh/-/import-fresh-3.2.1.tgz",
      "integrity": "sha1-Yz/2GFBueTr1rJG/SLcmd+FcvmY=",
      "dev": true,
      "requires": {
        "parent-module": "^1.0.0",
        "resolve-from": "^4.0.0"
      }
    },
    "is-arrayish": {
      "version": "0.2.1",
      "resolved": "https://pkgs.dev.azure.com/diemobiliar/RWC/_packaging/npm-main/npm/registry/is-arrayish/-/is-arrayish-0.2.1.tgz",
      "integrity": "sha1-d8mYQFJ6qOyxqLppe4BkWnqSap0=",
      "dev": true
    },
    "is-stream": {
      "version": "2.0.0",
      "resolved": "https://pkgs.dev.azure.com/diemobiliar/RWC/_packaging/npm-main/npm/registry/is-stream/-/is-stream-2.0.0.tgz",
      "integrity": "sha1-venDJoDW+uBBKdasnZIc54FfeOM=",
      "dev": true
    },
    "isexe": {
      "version": "2.0.0",
      "resolved": "https://pkgs.dev.azure.com/diemobiliar/RWC/_packaging/npm-main/npm/registry/isexe/-/isexe-2.0.0.tgz",
      "integrity": "sha1-6PvzdNxVb/iUehDcsFctYz8s+hA=",
      "dev": true
    },
    "js-tokens": {
      "version": "4.0.0",
      "resolved": "https://pkgs.dev.azure.com/diemobiliar/RWC/_packaging/npm-main/npm/registry/js-tokens/-/js-tokens-4.0.0.tgz",
      "integrity": "sha1-GSA/tZmR35jjoocFDUZHzerzJJk=",
      "dev": true
    },
    "json-parse-better-errors": {
      "version": "1.0.2",
      "resolved": "https://pkgs.dev.azure.com/diemobiliar/RWC/_packaging/npm-main/npm/registry/json-parse-better-errors/-/json-parse-better-errors-1.0.2.tgz",
      "integrity": "sha1-u4Z8+zRQ5pEHwTHRxRS6s9yLyqk=",
      "dev": true
    },
    "lines-and-columns": {
      "version": "1.1.6",
      "resolved": "https://pkgs.dev.azure.com/diemobiliar/RWC/_packaging/npm-main/npm/registry/lines-and-columns/-/lines-and-columns-1.1.6.tgz",
      "integrity": "sha1-HADHQ7QzzQpOgHWPe2SldEDZ/wA=",
      "dev": true
    },
    "locate-path": {
      "version": "5.0.0",
      "resolved": "https://pkgs.dev.azure.com/diemobiliar/RWC/_packaging/npm-main/npm/registry/locate-path/-/locate-path-5.0.0.tgz",
      "integrity": "sha1-Gvujlq/WdqbUJQTQpno6frn2KqA=",
      "dev": true,
      "requires": {
        "p-locate": "^4.1.0"
      }
    },
    "make-error": {
      "version": "1.3.6",
      "resolved": "https://pkgs.dev.azure.com/diemobiliar/RWC/_packaging/npm-main/npm/registry/make-error/-/make-error-1.3.6.tgz",
      "integrity": "sha1-LrLjfqm2fEiR9oShOUeZr0hM96I=",
      "dev": true
    },
    "matcher": {
      "version": "1.1.1",
      "resolved": "https://pkgs.dev.azure.com/diemobiliar/RWC/_packaging/npm-main/npm/registry/matcher/-/matcher-1.1.1.tgz",
      "integrity": "sha1-UdgwHhOPhAmCszixFrsMCa9iwcI=",
      "requires": {
        "escape-string-regexp": "^1.0.4"
      }
    },
    "merge-stream": {
      "version": "2.0.0",
      "resolved": "https://pkgs.dev.azure.com/diemobiliar/RWC/_packaging/npm-main/npm/registry/merge-stream/-/merge-stream-2.0.0.tgz",
      "integrity": "sha1-UoI2KaFN0AyXcPtq1H3GMQ8sH2A=",
      "dev": true
    },
    "mimic-fn": {
      "version": "2.1.0",
      "resolved": "https://pkgs.dev.azure.com/diemobiliar/RWC/_packaging/npm-main/npm/registry/mimic-fn/-/mimic-fn-2.1.0.tgz",
      "integrity": "sha1-ftLCzMyvhNP/y3pptXcR/CCDQBs=",
      "dev": true
    },
    "minimatch": {
      "version": "3.0.4",
      "resolved": "https://pkgs.dev.azure.com/diemobiliar/RWC/_packaging/npm-main/npm/registry/minimatch/-/minimatch-3.0.4.tgz",
      "integrity": "sha1-UWbihkV/AzBgZL5Ul+jbsMPTIIM=",
      "dev": true,
      "requires": {
        "brace-expansion": "^1.1.7"
      }
    },
    "mri": {
      "version": "1.1.5",
      "resolved": "https://pkgs.dev.azure.com/diemobiliar/RWC/_packaging/npm-main/npm/registry/mri/-/mri-1.1.5.tgz",
      "integrity": "sha1-ziHbosafdKm3z4oexiMH4IniI+A=",
      "dev": true
    },
    "ms": {
      "version": "2.1.2",
      "resolved": "https://registry.npmjs.org/ms/-/ms-2.1.2.tgz",
      "integrity": "sha512-sGkPx+VjMtmA6MX27oA4FBFELFCZZ4S4XqeGOXCv68tT+jb3vk/RyaKWP0PTKyWtmLSM0b+adUTEvbs1PEaH2w=="
    },
    "multimatch": {
      "version": "4.0.0",
      "resolved": "https://pkgs.dev.azure.com/diemobiliar/RWC/_packaging/npm-main/npm/registry/multimatch/-/multimatch-4.0.0.tgz",
      "integrity": "sha1-jDwPbj6ESa2grz3SnvtJGjdRkbM=",
      "dev": true,
      "requires": {
        "@types/minimatch": "^3.0.3",
        "array-differ": "^3.0.0",
        "array-union": "^2.1.0",
        "arrify": "^2.0.1",
        "minimatch": "^3.0.4"
      }
    },
    "npm-run-path": {
      "version": "3.1.0",
      "resolved": "https://pkgs.dev.azure.com/diemobiliar/RWC/_packaging/npm-main/npm/registry/npm-run-path/-/npm-run-path-3.1.0.tgz",
      "integrity": "sha1-f5G+MX9qRm7+08nymArYpO6LD6U=",
      "dev": true,
      "requires": {
        "path-key": "^3.0.0"
      }
    },
    "once": {
      "version": "1.4.0",
      "resolved": "https://pkgs.dev.azure.com/diemobiliar/RWC/_packaging/npm-main/npm/registry/once/-/once-1.4.0.tgz",
      "integrity": "sha1-WDsap3WWHUsROsF9nFC6753Xa9E=",
      "dev": true,
      "requires": {
        "wrappy": "1"
      }
    },
    "onetime": {
      "version": "5.1.0",
      "resolved": "https://pkgs.dev.azure.com/diemobiliar/RWC/_packaging/npm-main/npm/registry/onetime/-/onetime-5.1.0.tgz",
      "integrity": "sha1-//DzyRYX/mK7UBiWNumayKbfe+U=",
      "dev": true,
      "requires": {
        "mimic-fn": "^2.1.0"
      }
    },
    "opencollective-postinstall": {
      "version": "2.0.3",
      "resolved": "https://pkgs.dev.azure.com/diemobiliar/RWC/_packaging/npm-main/npm/registry/opencollective-postinstall/-/opencollective-postinstall-2.0.3.tgz",
      "integrity": "sha1-eg//l49tv6TQBiOPusmO1BmMMlk=",
      "dev": true
    },
    "p-finally": {
      "version": "2.0.1",
      "resolved": "https://pkgs.dev.azure.com/diemobiliar/RWC/_packaging/npm-main/npm/registry/p-finally/-/p-finally-2.0.1.tgz",
      "integrity": "sha1-vW/KqcVZoJa2gIBvTWV7Pw8kBWE=",
      "dev": true
    },
    "p-limit": {
      "version": "2.3.0",
      "resolved": "https://pkgs.dev.azure.com/diemobiliar/RWC/_packaging/npm-main/npm/registry/p-limit/-/p-limit-2.3.0.tgz",
      "integrity": "sha1-PdM8ZHohT9//2DWTPrCG2g3CHbE=",
      "dev": true,
      "requires": {
        "p-try": "^2.0.0"
      }
    },
    "p-locate": {
      "version": "4.1.0",
      "resolved": "https://pkgs.dev.azure.com/diemobiliar/RWC/_packaging/npm-main/npm/registry/p-locate/-/p-locate-4.1.0.tgz",
      "integrity": "sha1-o0KLtwiLOmApL2aRkni3wpetTwc=",
      "dev": true,
      "requires": {
        "p-limit": "^2.2.0"
      }
    },
    "p-try": {
      "version": "2.2.0",
      "resolved": "https://pkgs.dev.azure.com/diemobiliar/RWC/_packaging/npm-main/npm/registry/p-try/-/p-try-2.2.0.tgz",
      "integrity": "sha1-yyhoVA4xPWHeWPr741zpAE1VQOY=",
      "dev": true
    },
    "parent-module": {
      "version": "1.0.1",
      "resolved": "https://pkgs.dev.azure.com/diemobiliar/RWC/_packaging/npm-main/npm/registry/parent-module/-/parent-module-1.0.1.tgz",
      "integrity": "sha1-aR0nCeeMefrjoVZiJFLQB2LKqqI=",
      "dev": true,
      "requires": {
        "callsites": "^3.0.0"
      }
    },
    "parse-json": {
      "version": "5.0.0",
      "resolved": "https://pkgs.dev.azure.com/diemobiliar/RWC/_packaging/npm-main/npm/registry/parse-json/-/parse-json-5.0.0.tgz",
      "integrity": "sha1-c+URTJhtFD76NxLU6iTbmkJm9g8=",
      "dev": true,
      "requires": {
        "@babel/code-frame": "^7.0.0",
        "error-ex": "^1.3.1",
        "json-parse-better-errors": "^1.0.1",
        "lines-and-columns": "^1.1.6"
      }
    },
    "path-exists": {
      "version": "4.0.0",
      "resolved": "https://pkgs.dev.azure.com/diemobiliar/RWC/_packaging/npm-main/npm/registry/path-exists/-/path-exists-4.0.0.tgz",
      "integrity": "sha1-UTvb4tO5XXdi6METfvoZXGxhtbM=",
      "dev": true
    },
    "path-key": {
      "version": "3.1.1",
      "resolved": "https://pkgs.dev.azure.com/diemobiliar/RWC/_packaging/npm-main/npm/registry/path-key/-/path-key-3.1.1.tgz",
      "integrity": "sha1-WB9q3mWMu6ZaDTOA3ndTKVBU83U=",
      "dev": true
    },
    "path-type": {
      "version": "4.0.0",
      "resolved": "https://pkgs.dev.azure.com/diemobiliar/RWC/_packaging/npm-main/npm/registry/path-type/-/path-type-4.0.0.tgz",
      "integrity": "sha1-hO0BwKe6OAr+CdkKjBgNzZ0DBDs=",
      "dev": true
    },
    "pkg-dir": {
      "version": "4.2.0",
      "resolved": "https://pkgs.dev.azure.com/diemobiliar/RWC/_packaging/npm-main/npm/registry/pkg-dir/-/pkg-dir-4.2.0.tgz",
      "integrity": "sha1-8JkTPfft5CLoHR2ESCcO6z5CYfM=",
      "dev": true,
      "requires": {
        "find-up": "^4.0.0"
      }
    },
    "please-upgrade-node": {
      "version": "3.2.0",
      "resolved": "https://pkgs.dev.azure.com/diemobiliar/RWC/_packaging/npm-main/npm/registry/please-upgrade-node/-/please-upgrade-node-3.2.0.tgz",
      "integrity": "sha1-rt3T+ZTJM+StmLmdmlVu+g4v6UI=",
      "dev": true,
      "requires": {
        "semver-compare": "^1.0.0"
      }
    },
    "prettier": {
      "version": "2.0.5",
      "resolved": "https://pkgs.dev.azure.com/diemobiliar/RWC/_packaging/npm-main/npm/registry/prettier/-/prettier-2.0.5.tgz",
      "integrity": "sha1-1tVigkVSQ/L5LMFxZpLAiqMVItQ=",
      "dev": true
    },
    "pretty-quick": {
      "version": "2.0.1",
      "resolved": "https://pkgs.dev.azure.com/diemobiliar/RWC/_packaging/npm-main/npm/registry/pretty-quick/-/pretty-quick-2.0.1.tgz",
      "integrity": "sha1-QX7mBa3pjsxobnL2O10oosNbQ+k=",
      "dev": true,
      "requires": {
        "chalk": "^2.4.2",
        "execa": "^2.1.0",
        "find-up": "^4.1.0",
        "ignore": "^5.1.4",
        "mri": "^1.1.4",
        "multimatch": "^4.0.0"
      }
    },
    "pump": {
      "version": "3.0.0",
      "resolved": "https://pkgs.dev.azure.com/diemobiliar/RWC/_packaging/npm-main/npm/registry/pump/-/pump-3.0.0.tgz",
      "integrity": "sha1-tKIRaBW94vTh6mAjVOjHVWUQemQ=",
      "dev": true,
      "requires": {
        "end-of-stream": "^1.1.0",
        "once": "^1.3.1"
      }
    },
    "resolve-from": {
      "version": "4.0.0",
      "resolved": "https://pkgs.dev.azure.com/diemobiliar/RWC/_packaging/npm-main/npm/registry/resolve-from/-/resolve-from-4.0.0.tgz",
      "integrity": "sha1-SrzYUq0y3Xuqv+m0DgCjbbXzkuY=",
      "dev": true
    },
    "semver-compare": {
      "version": "1.0.0",
      "resolved": "https://pkgs.dev.azure.com/diemobiliar/RWC/_packaging/npm-main/npm/registry/semver-compare/-/semver-compare-1.0.0.tgz",
      "integrity": "sha1-De4hahyUGrN+nvsXiPavxf9VN/w=",
      "dev": true
    },
    "semver-regex": {
      "version": "2.0.0",
      "resolved": "https://pkgs.dev.azure.com/diemobiliar/RWC/_packaging/npm-main/npm/registry/semver-regex/-/semver-regex-2.0.0.tgz",
      "integrity": "sha1-qTwsWERTmncCMzeRB7OMe0rJ0zg=",
      "dev": true
    },
    "shebang-command": {
      "version": "2.0.0",
      "resolved": "https://pkgs.dev.azure.com/diemobiliar/RWC/_packaging/npm-main/npm/registry/shebang-command/-/shebang-command-2.0.0.tgz",
      "integrity": "sha1-zNCvT4g1+9wmW4JGGq8MNmY/NOo=",
      "dev": true,
      "requires": {
        "shebang-regex": "^3.0.0"
      }
    },
    "shebang-regex": {
      "version": "3.0.0",
      "resolved": "https://pkgs.dev.azure.com/diemobiliar/RWC/_packaging/npm-main/npm/registry/shebang-regex/-/shebang-regex-3.0.0.tgz",
      "integrity": "sha1-rhbxZE2HPsrYQ7AwexQzYtTEIXI=",
      "dev": true
    },
    "signal-exit": {
      "version": "3.0.3",
      "resolved": "https://pkgs.dev.azure.com/diemobiliar/RWC/_packaging/npm-main/npm/registry/signal-exit/-/signal-exit-3.0.3.tgz",
      "integrity": "sha1-oUEMLt2PB3sItOJTyOrPyvBXRhw=",
      "dev": true
    },
    "simple-git": {
      "version": "2.9.0",
      "resolved": "https://registry.npmjs.org/simple-git/-/simple-git-2.9.0.tgz",
      "integrity": "sha512-rDnsMqvvk2pF7+ID8v7GtzdaXlCJfz1qFIuiQ8fcmCaqm7MITXoOx294ymSzMP0D7IC27kA5WLskkl4ZpauYNQ==",
      "requires": {
        "@kwsites/file-exists": "^1.1.1",
        "debug": "^4.1.1"
      }
    },
    "slash": {
      "version": "3.0.0",
      "resolved": "https://pkgs.dev.azure.com/diemobiliar/RWC/_packaging/npm-main/npm/registry/slash/-/slash-3.0.0.tgz",
      "integrity": "sha1-ZTm+hwwWWtvVJAIg2+Nh8bxNRjQ=",
      "dev": true
    },
    "source-map": {
      "version": "0.6.1",
      "resolved": "https://pkgs.dev.azure.com/diemobiliar/RWC/_packaging/npm-main/npm/registry/source-map/-/source-map-0.6.1.tgz",
      "integrity": "sha1-dHIq8y6WFOnCh6jQu95IteLxomM=",
      "dev": true
    },
    "source-map-support": {
      "version": "0.5.19",
      "resolved": "https://pkgs.dev.azure.com/diemobiliar/RWC/_packaging/npm-main/npm/registry/source-map-support/-/source-map-support-0.5.19.tgz",
      "integrity": "sha1-qYti+G3K9PZzmWSMCFKRq56P7WE=",
      "dev": true,
      "requires": {
        "buffer-from": "^1.0.0",
        "source-map": "^0.6.0"
      }
    },
    "strip-final-newline": {
      "version": "2.0.0",
      "resolved": "https://pkgs.dev.azure.com/diemobiliar/RWC/_packaging/npm-main/npm/registry/strip-final-newline/-/strip-final-newline-2.0.0.tgz",
      "integrity": "sha1-ibhS+y/L6Tb29LMYevsKEsGrWK0=",
      "dev": true
    },
    "supports-color": {
      "version": "5.5.0",
      "resolved": "https://pkgs.dev.azure.com/diemobiliar/RWC/_packaging/npm-main/npm/registry/supports-color/-/supports-color-5.5.0.tgz",
      "integrity": "sha1-4uaaRKyHcveKHsCzW2id9lMO/I8=",
      "requires": {
        "has-flag": "^3.0.0"
      }
    },
    "ts-node": {
      "version": "8.10.2",
      "resolved": "https://pkgs.dev.azure.com/diemobiliar/RWC/_packaging/npm-main/npm/registry/ts-node/-/ts-node-8.10.2.tgz",
      "integrity": "sha1-7uA3ZGM7EjTd03+NuewQt17H+40=",
      "dev": true,
      "requires": {
        "arg": "^4.1.0",
        "diff": "^4.0.1",
        "make-error": "^1.1.1",
        "source-map-support": "^0.5.17",
        "yn": "3.1.1"
      }
    },
    "typescript": {
      "version": "3.9.5",
      "resolved": "https://pkgs.dev.azure.com/diemobiliar/RWC/_packaging/npm-main/npm/registry/typescript/-/typescript-3.9.5.tgz",
      "integrity": "sha1-WG8NujAM3ovlLdGsT34QCcGxPzY=",
      "dev": true
    },
    "which": {
      "version": "2.0.2",
      "resolved": "https://pkgs.dev.azure.com/diemobiliar/RWC/_packaging/npm-main/npm/registry/which/-/which-2.0.2.tgz",
      "integrity": "sha1-fGqN0KY2oDJ+ELWckobu6T8/UbE=",
      "dev": true,
      "requires": {
        "isexe": "^2.0.0"
      }
    },
    "which-pm-runs": {
      "version": "1.0.0",
      "resolved": "https://pkgs.dev.azure.com/diemobiliar/RWC/_packaging/npm-main/npm/registry/which-pm-runs/-/which-pm-runs-1.0.0.tgz",
      "integrity": "sha1-Zws6+8VS4LVd9rd4DKdGFfI60cs=",
      "dev": true
    },
    "wrappy": {
      "version": "1.0.2",
      "resolved": "https://pkgs.dev.azure.com/diemobiliar/RWC/_packaging/npm-main/npm/registry/wrappy/-/wrappy-1.0.2.tgz",
      "integrity": "sha1-tSQ9jz7BqjXxNkYFvA0QNuMKtp8=",
      "dev": true
    },
    "yaml": {
      "version": "1.10.0",
      "resolved": "https://pkgs.dev.azure.com/diemobiliar/RWC/_packaging/npm-main/npm/registry/yaml/-/yaml-1.10.0.tgz",
      "integrity": "sha1-O1k63ZRIdgd9TWg/7gEIG9n/8x4=",
      "dev": true
    },
    "yn": {
      "version": "3.1.1",
      "resolved": "https://pkgs.dev.azure.com/diemobiliar/RWC/_packaging/npm-main/npm/registry/yn/-/yn-3.1.1.tgz",
      "integrity": "sha1-HodAGgnXZ8HV6rJqbkwYUYLS61A=",
      "dev": true
    }
  }
}
